
Microsoft Visual Studio Solution File, Format Version 12.00
Project("{FAE04EC0-301F-11D3-BF4B-00C04F79EFBC}") = "AM4.ConsoleApp", "AM4.ConsoleApp\AM4.ConsoleApp.csproj", "{3502FE3A-2906-4351-BC81-AB885BCF1354}"
EndProject
Project("{FAE04EC0-301F-11D3-BF4B-00C04F79EFBC}") = "AM4", "AM4\AM4.csproj", "{0813C30B-D260-46C3-AEAE-A0109D0CEFEC}"
EndProject
Global
	GlobalSection(SolutionConfigurationPlatforms) = preSolution
		Debug|Any CPU = Debug|Any CPU
		Release|Any CPU = Release|Any CPU
	EndGlobalSection
	GlobalSection(ProjectConfigurationPlatforms) = postSolution
		{3502FE3A-2906-4351-BC81-AB885BCF1354}.Debug|Any CPU.ActiveCfg = Debug|Any CPU
		{3502FE3A-2906-4351-BC81-AB885BCF1354}.Debug|Any CPU.Build.0 = Debug|Any CPU
		{3502FE3A-2906-4351-BC81-AB885BCF1354}.Release|Any CPU.ActiveCfg = Release|Any CPU
		{3502FE3A-2906-4351-BC81-AB885BCF1354}.Release|Any CPU.Build.0 = Release|Any CPU
		{0813C30B-D260-46C3-AEAE-A0109D0CEFEC}.Debug|Any CPU.ActiveCfg = Debug|Any CPU
		{0813C30B-D260-46C3-AEAE-A0109D0CEFEC}.Debug|Any CPU.Build.0 = Debug|Any CPU
		{0813C30B-D260-46C3-AEAE-A0109D0CEFEC}.Release|Any CPU.ActiveCfg = Release|Any CPU
		{0813C30B-D260-46C3-AEAE-A0109D0CEFEC}.Release|Any CPU.Build.0 = Release|Any CPU
	EndGlobalSection
EndGlobal
